
Microsoft Visual Studio Solution File, Format Version 12.00
# Visual Studio Version 17
VisualStudioVersion = 17.5.33516.290
MinimumVisualStudioVersion = 10.0.40219.1
Project("{FAE04EC0-301F-11D3-BF4B-00C04F79EFBC}") = "UnityShaderRecompilationTools", "UnityShaderRecompilationTools\UnityShaderRecompilationTools.csproj", "{8D499E52-CD64-4B67-BD60-41AD76A4EB55}"
EndProject
Global
	GlobalSection(SolutionConfigurationPlatforms) = preSolution
		Debug|Any CPU = Debug|Any CPU
		Release|Any CPU = Release|Any CPU
	EndGlobalSection
	GlobalSection(ProjectConfigurationPlatforms) = postSolution
		{8D499E52-CD64-4B67-BD60-41AD76A4EB55}.Debug|Any CPU.ActiveCfg = Debug|Any CPU
		{8D499E52-CD64-4B67-BD60-41AD76A4EB55}.Debug|Any CPU.Build.0 = Debug|Any CPU
		{8D499E52-CD64-4B67-BD60-41AD76A4EB55}.Release|Any CPU.ActiveCfg = Release|Any CPU
		{8D499E52-CD64-4B67-BD60-41AD76A4EB55}.Release|Any CPU.Build.0 = Release|Any CPU
	EndGlobalSection
	GlobalSection(SolutionProperties) = preSolution
		HideSolutionNode = FALSE
	EndGlobalSection
	GlobalSection(ExtensibilityGlobals) = postSolution
		SolutionGuid = {F3F3D47A-A183-4DB9-97B6-0632E398A4D0}
	EndGlobalSection
EndGlobal
